// !$*UTF8*$!
{
	archiveVersion = 1;
	classes = {
	};
	objectVersion = 46;
	objects = {

/* Begin PBXBuildFile section */
		AEAD0C8A1DB7703D0043B8B0 /* AppDelegate.swift in Sources */ = {isa = PBXBuildFile; fileRef = AEAD0C891DB7703D0043B8B0 /* AppDelegate.swift */; };
		AEAD0C8C1DB7703D0043B8B0 /* ViewController.swift in Sources */ = {isa = PBXBuildFile; fileRef = AEAD0C8B1DB7703D0043B8B0 /* ViewController.swift */; };
		AEAD0C8F1DB7703D0043B8B0 /* Main.storyboard in Resources */ = {isa = PBXBuildFile; fileRef = AEAD0C8D1DB7703D0043B8B0 /* Main.storyboard */; };
		AEAD0C911DB7703D0043B8B0 /* Assets.xcassets in Resources */ = {isa = PBXBuildFile; fileRef = AEAD0C901DB7703D0043B8B0 /* Assets.xcassets */; };
		AEAD0C941DB7703D0043B8B0 /* LaunchScreen.storyboard in Resources */ = {isa = PBXBuildFile; fileRef = AEAD0C921DB7703D0043B8B0 /* LaunchScreen.storyboard */; };
		AEAD0C991DB7703E0043B8B0 /* CupsAndBall WatchKit App.app in Embed Watch Content */ = {isa = PBXBuildFile; fileRef = AEAD0C981DB7703E0043B8B0 /* CupsAndBall WatchKit App.app */; };
		AEAD0C9F1DB7703E0043B8B0 /* Interface.storyboard in Resources */ = {isa = PBXBuildFile; fileRef = AEAD0C9D1DB7703E0043B8B0 /* Interface.storyboard */; };
		AEAD0CA11DB7703E0043B8B0 /* Assets.xcassets in Resources */ = {isa = PBXBuildFile; fileRef = AEAD0CA01DB7703E0043B8B0 /* Assets.xcassets */; };
		AEAD0CA81DB7703E0043B8B0 /* CupsAndBall WatchKit Extension.appex in Embed App Extensions */ = {isa = PBXBuildFile; fileRef = AEAD0CA71DB7703E0043B8B0 /* CupsAndBall WatchKit Extension.appex */; settings = {ATTRIBUTES = (RemoveHeadersOnCopy, ); }; };
		AEAD0CAD1DB7703E0043B8B0 /* InterfaceController.swift in Sources */ = {isa = PBXBuildFile; fileRef = AEAD0CAC1DB7703E0043B8B0 /* InterfaceController.swift */; };
		AEAD0CAF1DB7703E0043B8B0 /* ExtensionDelegate.swift in Sources */ = {isa = PBXBuildFile; fileRef = AEAD0CAE1DB7703E0043B8B0 /* ExtensionDelegate.swift */; };
		AEAD0CB11DB7703E0043B8B0 /* Assets.xcassets in Resources */ = {isa = PBXBuildFile; fileRef = AEAD0CB01DB7703E0043B8B0 /* Assets.xcassets */; };
/* End PBXBuildFile section */

/* Begin PBXContainerItemProxy section */
		AEAD0C9A1DB7703E0043B8B0 /* PBXContainerItemProxy */ = {
			isa = PBXContainerItemProxy;
			containerPortal = AEAD0C7E1DB7703D0043B8B0 /* Project object */;
			proxyType = 1;
			remoteGlobalIDString = AEAD0C971DB7703E0043B8B0;
			remoteInfo = "CupsAndBall WatchKit App";
		};
		AEAD0CA91DB7703E0043B8B0 /* PBXContainerItemProxy */ = {
			isa = PBXContainerItemProxy;
			containerPortal = AEAD0C7E1DB7703D0043B8B0 /* Project object */;
			proxyType = 1;
			remoteGlobalIDString = AEAD0CA61DB7703E0043B8B0;
			remoteInfo = "CupsAndBall WatchKit Extension";
		};
/* End PBXContainerItemProxy section */

/* Begin PBXCopyFilesBuildPhase section */
		AEAD0CB81DB7703E0043B8B0 /* Embed App Extensions */ = {
			isa = PBXCopyFilesBuildPhase;
			buildActionMask = 2147483647;
			dstPath = "";
			dstSubfolderSpec = 13;
			files = (
				AEAD0CA81DB7703E0043B8B0 /* CupsAndBall WatchKit Extension.appex in Embed App Extensions */,
			);
			name = "Embed App Extensions";
			runOnlyForDeploymentPostprocessing = 0;
		};
		AEAD0CBC1DB7703E0043B8B0 /* Embed Watch Content */ = {
			isa = PBXCopyFilesBuildPhase;
			buildActionMask = 2147483647;
			dstPath = "$(CONTENTS_FOLDER_PATH)/Watch";
			dstSubfolderSpec = 16;
			files = (
				AEAD0C991DB7703E0043B8B0 /* CupsAndBall WatchKit App.app in Embed Watch Content */,
			);
			name = "Embed Watch Content";
			runOnlyForDeploymentPostprocessing = 0;
		};
/* End PBXCopyFilesBuildPhase section */

/* Begin PBXFileReference section */
		AEAD0C861DB7703D0043B8B0 /* CupsAndBall.app */ = {isa = PBXFileReference; explicitFileType = wrapper.application; includeInIndex = 0; path = CupsAndBall.app; sourceTree = BUILT_PRODUCTS_DIR; };
		AEAD0C891DB7703D0043B8B0 /* AppDelegate.swift */ = {isa = PBXFileReference; lastKnownFileType = sourcecode.swift; path = AppDelegate.swift; sourceTree = "<group>"; };
		AEAD0C8B1DB7703D0043B8B0 /* ViewController.swift */ = {isa = PBXFileReference; lastKnownFileType = sourcecode.swift; path = ViewController.swift; sourceTree = "<group>"; };
		AEAD0C8E1DB7703D0043B8B0 /* Base */ = {isa = PBXFileReference; lastKnownFileType = file.storyboard; name = Base; path = Base.lproj/Main.storyboard; sourceTree = "<group>"; };
		AEAD0C901DB7703D0043B8B0 /* Assets.xcassets */ = {isa = PBXFileReference; lastKnownFileType = folder.assetcatalog; path = Assets.xcassets; sourceTree = "<group>"; };
		AEAD0C931DB7703D0043B8B0 /* Base */ = {isa = PBXFileReference; lastKnownFileType = file.storyboard; name = Base; path = Base.lproj/LaunchScreen.storyboard; sourceTree = "<group>"; };
		AEAD0C951DB7703D0043B8B0 /* Info.plist */ = {isa = PBXFileReference; lastKnownFileType = text.plist.xml; path = Info.plist; sourceTree = "<group>"; };
		AEAD0C981DB7703E0043B8B0 /* CupsAndBall WatchKit App.app */ = {isa = PBXFileReference; explicitFileType = wrapper.application; includeInIndex = 0; path = "CupsAndBall WatchKit App.app"; sourceTree = BUILT_PRODUCTS_DIR; };
		AEAD0C9E1DB7703E0043B8B0 /* Base */ = {isa = PBXFileReference; lastKnownFileType = file.storyboard; name = Base; path = Base.lproj/Interface.storyboard; sourceTree = "<group>"; };
		AEAD0CA01DB7703E0043B8B0 /* Assets.xcassets */ = {isa = PBXFileReference; lastKnownFileType = folder.assetcatalog; path = Assets.xcassets; sourceTree = "<group>"; };
		AEAD0CA21DB7703E0043B8B0 /* Info.plist */ = {isa = PBXFileReference; lastKnownFileType = text.plist.xml; path = Info.plist; sourceTree = "<group>"; };
		AEAD0CA71DB7703E0043B8B0 /* CupsAndBall WatchKit Extension.appex */ = {isa = PBXFileReference; explicitFileType = "wrapper.app-extension"; includeInIndex = 0; path = "CupsAndBall WatchKit Extension.appex"; sourceTree = BUILT_PRODUCTS_DIR; };
		AEAD0CAC1DB7703E0043B8B0 /* InterfaceController.swift */ = {isa = PBXFileReference; lastKnownFileType = sourcecode.swift; path = InterfaceController.swift; sourceTree = "<group>"; };
		AEAD0CAE1DB7703E0043B8B0 /* ExtensionDelegate.swift */ = {isa = PBXFileReference; lastKnownFileType = sourcecode.swift; path = ExtensionDelegate.swift; sourceTree = "<group>"; };
		AEAD0CB01DB7703E0043B8B0 /* Assets.xcassets */ = {isa = PBXFileReference; lastKnownFileType = folder.assetcatalog; path = Assets.xcassets; sourceTree = "<group>"; };
		AEAD0CB21DB7703E0043B8B0 /* Info.plist */ = {isa = PBXFileReference; lastKnownFileType = text.plist.xml; path = Info.plist; sourceTree = "<group>"; };
/* End PBXFileReference section */

/* Begin PBXFrameworksBuildPhase section */
		AEAD0C831DB7703D0043B8B0 /* Frameworks */ = {
			isa = PBXFrameworksBuildPhase;
			buildActionMask = 2147483647;
			files = (
			);
			runOnlyForDeploymentPostprocessing = 0;
		};
		AEAD0CA41DB7703E0043B8B0 /* Frameworks */ = {
			isa = PBXFrameworksBuildPhase;
			buildActionMask = 2147483647;
			files = (
			);
			runOnlyForDeploymentPostprocessing = 0;
		};
/* End PBXFrameworksBuildPhase section */

/* Begin PBXGroup section */
		AEAD0C7D1DB7703D0043B8B0 = {
			isa = PBXGroup;
			children = (
				AEAD0C881DB7703D0043B8B0 /* CupsAndBall */,
				AEAD0C9C1DB7703E0043B8B0 /* CupsAndBall WatchKit App */,
				AEAD0CAB1DB7703E0043B8B0 /* CupsAndBall WatchKit Extension */,
				AEAD0C871DB7703D0043B8B0 /* Products */,
			);
			sourceTree = "<group>";
		};
		AEAD0C871DB7703D0043B8B0 /* Products */ = {
			isa = PBXGroup;
			children = (
				AEAD0C861DB7703D0043B8B0 /* CupsAndBall.app */,
				AEAD0C981DB7703E0043B8B0 /* CupsAndBall WatchKit App.app */,
				AEAD0CA71DB7703E0043B8B0 /* CupsAndBall WatchKit Extension.appex */,
			);
			name = Products;
			sourceTree = "<group>";
		};
		AEAD0C881DB7703D0043B8B0 /* CupsAndBall */ = {
			isa = PBXGroup;
			children = (
				AEAD0C891DB7703D0043B8B0 /* AppDelegate.swift */,
				AEAD0C8B1DB7703D0043B8B0 /* ViewController.swift */,
				AEAD0C8D1DB7703D0043B8B0 /* Main.storyboard */,
				AEAD0C921DB7703D0043B8B0 /* LaunchScreen.storyboard */,
				AEAD0C901DB7703D0043B8B0 /* Assets.xcassets */,
				AEAD0C951DB7703D0043B8B0 /* Info.plist */,
			);
			path = CupsAndBall;
			sourceTree = "<group>";
		};
		AEAD0C9C1DB7703E0043B8B0 /* CupsAndBall WatchKit App */ = {
			isa = PBXGroup;
			children = (
				AEAD0C9D1DB7703E0043B8B0 /* Interface.storyboard */,
				AEAD0CA01DB7703E0043B8B0 /* Assets.xcassets */,
				AEAD0CA21DB7703E0043B8B0 /* Info.plist */,
			);
			path = "CupsAndBall WatchKit App";
			sourceTree = "<group>";
		};
		AEAD0CAB1DB7703E0043B8B0 /* CupsAndBall WatchKit Extension */ = {
			isa = PBXGroup;
			children = (
				AEAD0CAC1DB7703E0043B8B0 /* InterfaceController.swift */,
				AEAD0CAE1DB7703E0043B8B0 /* ExtensionDelegate.swift */,
				AEAD0CB01DB7703E0043B8B0 /* Assets.xcassets */,
				AEAD0CB21DB7703E0043B8B0 /* Info.plist */,
			);
			path = "CupsAndBall WatchKit Extension";
			sourceTree = "<group>";
		};
/* End PBXGroup section */

/* Begin PBXNativeTarget section */
		AEAD0C851DB7703D0043B8B0 /* CupsAndBall */ = {
			isa = PBXNativeTarget;
			buildConfigurationList = AEAD0CBD1DB7703E0043B8B0 /* Build configuration list for PBXNativeTarget "CupsAndBall" */;
			buildPhases = (
				AEAD0C821DB7703D0043B8B0 /* Sources */,
				AEAD0C831DB7703D0043B8B0 /* Frameworks */,
				AEAD0C841DB7703D0043B8B0 /* Resources */,
				AEAD0CBC1DB7703E0043B8B0 /* Embed Watch Content */,
			);
			buildRules = (
			);
			dependencies = (
				AEAD0C9B1DB7703E0043B8B0 /* PBXTargetDependency */,
			);
			name = CupsAndBall;
			productName = CupsAndBall;
			productReference = AEAD0C861DB7703D0043B8B0 /* CupsAndBall.app */;
			productType = "com.apple.product-type.application";
		};
		AEAD0C971DB7703E0043B8B0 /* CupsAndBall WatchKit App */ = {
			isa = PBXNativeTarget;
			buildConfigurationList = AEAD0CB91DB7703E0043B8B0 /* Build configuration list for PBXNativeTarget "CupsAndBall WatchKit App" */;
			buildPhases = (
				AEAD0C961DB7703E0043B8B0 /* Resources */,
				AEAD0CB81DB7703E0043B8B0 /* Embed App Extensions */,
			);
			buildRules = (
			);
			dependencies = (
				AEAD0CAA1DB7703E0043B8B0 /* PBXTargetDependency */,
			);
			name = "CupsAndBall WatchKit App";
			productName = "CupsAndBall WatchKit App";
			productReference = AEAD0C981DB7703E0043B8B0 /* CupsAndBall WatchKit App.app */;
			productType = "com.apple.product-type.application.watchapp2";
		};
		AEAD0CA61DB7703E0043B8B0 /* CupsAndBall WatchKit Extension */ = {
			isa = PBXNativeTarget;
			buildConfigurationList = AEAD0CB51DB7703E0043B8B0 /* Build configuration list for PBXNativeTarget "CupsAndBall WatchKit Extension" */;
			buildPhases = (
				AEAD0CA31DB7703E0043B8B0 /* Sources */,
				AEAD0CA41DB7703E0043B8B0 /* Frameworks */,
				AEAD0CA51DB7703E0043B8B0 /* Resources */,
			);
			buildRules = (
			);
			dependencies = (
			);
			name = "CupsAndBall WatchKit Extension";
			productName = "CupsAndBall WatchKit Extension";
			productReference = AEAD0CA71DB7703E0043B8B0 /* CupsAndBall WatchKit Extension.appex */;
			productType = "com.apple.product-type.watchkit2-extension";
		};
/* End PBXNativeTarget section */

/* Begin PBXProject section */
		AEAD0C7E1DB7703D0043B8B0 /* Project object */ = {
			isa = PBXProject;
			attributes = {
				LastSwiftUpdateCheck = 0800;
				LastUpgradeCheck = 0800;
				ORGANIZATIONNAME = Javan.Chen;
				TargetAttributes = {
					AEAD0C851DB7703D0043B8B0 = {
						CreatedOnToolsVersion = 8.0;
						DevelopmentTeam = 5332NKLEL7;
						ProvisioningStyle = Automatic;
					};
					AEAD0C971DB7703E0043B8B0 = {
						CreatedOnToolsVersion = 8.0;
						DevelopmentTeam = 5332NKLEL7;
						ProvisioningStyle = Automatic;
					};
					AEAD0CA61DB7703E0043B8B0 = {
						CreatedOnToolsVersion = 8.0;
						DevelopmentTeam = 5332NKLEL7;
						ProvisioningStyle = Automatic;
					};
				};
			};
			buildConfigurationList = AEAD0C811DB7703D0043B8B0 /* Build configuration list for PBXProject "CupsAndBall" */;
			compatibilityVersion = "Xcode 3.2";
			developmentRegion = English;
			hasScannedForEncodings = 0;
			knownRegions = (
				en,
				Base,
			);
			mainGroup = AEAD0C7D1DB7703D0043B8B0;
			productRefGroup = AEAD0C871DB7703D0043B8B0 /* Products */;
			projectDirPath = "";
			projectRoot = "";
			targets = (
				AEAD0C851DB7703D0043B8B0 /* CupsAndBall */,
				AEAD0C971DB7703E0043B8B0 /* CupsAndBall WatchKit App */,
				AEAD0CA61DB7703E0043B8B0 /* CupsAndBall WatchKit Extension */,
			);
		};
/* End PBXProject section */

/* Begin PBXResourcesBuildPhase section */
		AEAD0C841DB7703D0043B8B0 /* Resources */ = {
			isa = PBXResourcesBuildPhase;
			buildActionMask = 2147483647;
			files = (
				AEAD0C941DB7703D0043B8B0 /* LaunchScreen.storyboard in Resources */,
				AEAD0C911DB7703D0043B8B0 /* Assets.xcassets in Resources */,
				AEAD0C8F1DB7703D0043B8B0 /* Main.storyboard in Resources */,
			);
			runOnlyForDeploymentPostprocessing = 0;
		};
		AEAD0C961DB7703E0043B8B0 /* Resources */ = {
			isa = PBXResourcesBuildPhase;
			buildActionMask = 2147483647;
			files = (
				AEAD0CA11DB7703E0043B8B0 /* Assets.xcassets in Resources */,
				AEAD0C9F1DB7703E0043B8B0 /* Interface.storyboard in Resources */,
			);
			runOnlyForDeploymentPostprocessing = 0;
		};
		AEAD0CA51DB7703E0043B8B0 /* Resources */ = {
			isa = PBXResourcesBuildPhase;
			buildActionMask = 2147483647;
			files = (
				AEAD0CB11DB7703E0043B8B0 /* Assets.xcassets in Resources */,
			);
			runOnlyForDeploymentPostprocessing = 0;
		};
/* End PBXResourcesBuildPhase section */

/* Begin PBXSourcesBuildPhase section */
		AEAD0C821DB7703D0043B8B0 /* Sources */ = {
			isa = PBXSourcesBuildPhase;
			buildActionMask = 2147483647;
			files = (
				AEAD0C8C1DB7703D0043B8B0 /* ViewController.swift in Sources */,
				AEAD0C8A1DB7703D0043B8B0 /* AppDelegate.swift in Sources */,
			);
			runOnlyForDeploymentPostprocessing = 0;
		};
		AEAD0CA31DB7703E0043B8B0 /* Sources */ = {
			isa = PBXSourcesBuildPhase;
			buildActionMask = 2147483647;
			files = (
				AEAD0CAF1DB7703E0043B8B0 /* ExtensionDelegate.swift in Sources */,
				AEAD0CAD1DB7703E0043B8B0 /* InterfaceController.swift in Sources */,
			);
			runOnlyForDeploymentPostprocessing = 0;
		};
/* End PBXSourcesBuildPhase section */

/* Begin PBXTargetDependency section */
		AEAD0C9B1DB7703E0043B8B0 /* PBXTargetDependency */ = {
			isa = PBXTargetDependency;
			target = AEAD0C971DB7703E0043B8B0 /* CupsAndBall WatchKit App */;
			targetProxy = AEAD0C9A1DB7703E0043B8B0 /* PBXContainerItemProxy */;
		};
		AEAD0CAA1DB7703E0043B8B0 /* PBXTargetDependency */ = {
			isa = PBXTargetDependency;
			target = AEAD0CA61DB7703E0043B8B0 /* CupsAndBall WatchKit Extension */;
			targetProxy = AEAD0CA91DB7703E0043B8B0 /* PBXContainerItemProxy */;
		};
/* End PBXTargetDependency section */

/* Begin PBXVariantGroup section */
		AEAD0C8D1DB7703D0043B8B0 /* Main.storyboard */ = {
			isa = PBXVariantGroup;
			children = (
				AEAD0C8E1DB7703D0043B8B0 /* Base */,
			);
			name = Main.storyboard;
			sourceTree = "<group>";
		};
		AEAD0C921DB7703D0043B8B0 /* LaunchScreen.storyboard */ = {
			isa = PBXVariantGroup;
			children = (
				AEAD0C931DB7703D0043B8B0 /* Base */,
			);
			name = LaunchScreen.storyboard;
			sourceTree = "<group>";
		};
		AEAD0C9D1DB7703E0043B8B0 /* Interface.storyboard */ = {
			isa = PBXVariantGroup;
			children = (
				AEAD0C9E1DB7703E0043B8B0 /* Base */,
			);
			name = Interface.storyboard;
			sourceTree = "<group>";
		};
/* End PBXVariantGroup section */

/* Begin XCBuildConfiguration section */
		AEAD0CB31DB7703E0043B8B0 /* Debug */ = {
			isa = XCBuildConfiguration;
			buildSettings = {
				ALWAYS_SEARCH_USER_PATHS = NO;
				CLANG_ANALYZER_NONNULL = YES;
				CLANG_CXX_LANGUAGE_STANDARD = "gnu++0x";
				CLANG_CXX_LIBRARY = "libc++";
				CLANG_ENABLE_MODULES = YES;
				CLANG_ENABLE_OBJC_ARC = YES;
				CLANG_WARN_BOOL_CONVERSION = YES;
				CLANG_WARN_CONSTANT_CONVERSION = YES;
				CLANG_WARN_DIRECT_OBJC_ISA_USAGE = YES_ERROR;
				CLANG_WARN_DOCUMENTATION_COMMENTS = YES;
				CLANG_WARN_EMPTY_BODY = YES;
				CLANG_WARN_ENUM_CONVERSION = YES;
				CLANG_WARN_INFINITE_RECURSION = YES;
				CLANG_WARN_INT_CONVERSION = YES;
				CLANG_WARN_OBJC_ROOT_CLASS = YES_ERROR;
				CLANG_WARN_SUSPICIOUS_MOVES = YES;
				CLANG_WARN_UNREACHABLE_CODE = YES;
				CLANG_WARN__DUPLICATE_METHOD_MATCH = YES;
				"CODE_SIGN_IDENTITY[sdk=iphoneos*]" = "iPhone Developer";
				COPY_PHASE_STRIP = NO;
				DEBUG_INFORMATION_FORMAT = dwarf;
				ENABLE_STRICT_OBJC_MSGSEND = YES;
				ENABLE_TESTABILITY = YES;
				GCC_C_LANGUAGE_STANDARD = gnu99;
				GCC_DYNAMIC_NO_PIC = NO;
				GCC_NO_COMMON_BLOCKS = YES;
				GCC_OPTIMIZATION_LEVEL = 0;
				GCC_PREPROCESSOR_DEFINITIONS = (
					"DEBUG=1",
					"$(inherited)",
				);
				GCC_WARN_64_TO_32_BIT_CONVERSION = YES;
				GCC_WARN_ABOUT_RETURN_TYPE = YES_ERROR;
				GCC_WARN_UNDECLARED_SELECTOR = YES;
				GCC_WARN_UNINITIALIZED_AUTOS = YES_AGGRESSIVE;
				GCC_WARN_UNUSED_FUNCTION = YES;
				GCC_WARN_UNUSED_VARIABLE = YES;
				IPHONEOS_DEPLOYMENT_TARGET = 10.0;
				MTL_ENABLE_DEBUG_INFO = YES;
				ONLY_ACTIVE_ARCH = YES;
				SDKROOT = iphoneos;
				SWIFT_ACTIVE_COMPILATION_CONDITIONS = DEBUG;
				SWIFT_OPTIMIZATION_LEVEL = "-Onone";
				TARGETED_DEVICE_FAMILY = "1,2";
			};
			name = Debug;
		};
		AEAD0CB41DB7703E0043B8B0 /* Release */ = {
			isa = XCBuildConfiguration;
			buildSettings = {
				ALWAYS_SEARCH_USER_PATHS = NO;
				CLANG_ANALYZER_NONNULL = YES;
				CLANG_CXX_LANGUAGE_STANDARD = "gnu++0x";
				CLANG_CXX_LIBRARY = "libc++";
				CLANG_ENABLE_MODULES = YES;
				CLANG_ENABLE_OBJC_ARC = YES;
				CLANG_WARN_BOOL_CONVERSION = YES;
				CLANG_WARN_CONSTANT_CONVERSION = YES;
				CLANG_WARN_DIRECT_OBJC_ISA_USAGE = YES_ERROR;
				CLANG_WARN_DOCUMENTATION_COMMENTS = YES;
				CLANG_WARN_EMPTY_BODY = YES;
				CLANG_WARN_ENUM_CONVERSION = YES;
				CLANG_WARN_INFINITE_RECURSION = YES;
				CLANG_WARN_INT_CONVERSION = YES;
				CLANG_WARN_OBJC_ROOT_CLASS = YES_ERROR;
				CLANG_WARN_SUSPICIOUS_MOVES = YES;
				CLANG_WARN_UNREACHABLE_CODE = YES;
				CLANG_WARN__DUPLICATE_METHOD_MATCH = YES;
				"CODE_SIGN_IDENTITY[sdk=iphoneos*]" = "iPhone Developer";
				COPY_PHASE_STRIP = NO;
				DEBUG_INFORMATION_FORMAT = "dwarf-with-dsym";
				ENABLE_NS_ASSERTIONS = NO;
				ENABLE_STRICT_OBJC_MSGSEND = YES;
				GCC_C_LANGUAGE_STANDARD = gnu99;
				GCC_NO_COMMON_BLOCKS = YES;
				GCC_WARN_64_TO_32_BIT_CONVERSION = YES;
				GCC_WARN_ABOUT_RETURN_TYPE = YES_ERROR;
				GCC_WARN_UNDECLARED_SELECTOR = YES;
				GCC_WARN_UNINITIALIZED_AUTOS = YES_AGGRESSIVE;
				GCC_WARN_UNUSED_FUNCTION = YES;
				GCC_WARN_UNUSED_VARIABLE = YES;
				IPHONEOS_DEPLOYMENT_TARGET = 10.0;
				MTL_ENABLE_DEBUG_INFO = NO;
				SDKROOT = iphoneos;
				SWIFT_OPTIMIZATION_LEVEL = "-Owholemodule";
				TARGETED_DEVICE_FAMILY = "1,2";
				VALIDATE_PRODUCT = YES;
			};
			name = Release;
		};
		AEAD0CB61DB7703E0043B8B0 /* Debug */ = {
			isa = XCBuildConfiguration;
			buildSettings = {
				ASSETCATALOG_COMPILER_COMPLICATION_NAME = Complication;
				DEVELOPMENT_TEAM = 5332NKLEL7;
				INFOPLIST_FILE = "CupsAndBall WatchKit Extension/Info.plist";
				LD_RUNPATH_SEARCH_PATHS = "$(inherited) @executable_path/Frameworks @executable_path/../../Frameworks";
				PRODUCT_BUNDLE_IDENTIFIER = JavanLab.CupsAndBall.watchkitapp.watchkitextension;
				PRODUCT_NAME = "${TARGET_NAME}";
				SDKROOT = watchos;
				SKIP_INSTALL = YES;
				SWIFT_VERSION = 3.0;
				TARGETED_DEVICE_FAMILY = 4;
				WATCHOS_DEPLOYMENT_TARGET = 3.0;
			};
			name = Debug;
		};
		AEAD0CB71DB7703E0043B8B0 /* Release */ = {
			isa = XCBuildConfiguration;
			buildSettings = {
				ASSETCATALOG_COMPILER_COMPLICATION_NAME = Complication;
				DEVELOPMENT_TEAM = 5332NKLEL7;
				INFOPLIST_FILE = "CupsAndBall WatchKit Extension/Info.plist";
				LD_RUNPATH_SEARCH_PATHS = "$(inherited) @executable_path/Frameworks @executable_path/../../Frameworks";
				PRODUCT_BUNDLE_IDENTIFIER = JavanLab.CupsAndBall.watchkitapp.watchkitextension;
				PRODUCT_NAME = "${TARGET_NAME}";
				SDKROOT = watchos;
				SKIP_INSTALL = YES;
				SWIFT_VERSION = 3.0;
				TARGETED_DEVICE_FAMILY = 4;
				WATCHOS_DEPLOYMENT_TARGET = 3.0;
			};
			name = Release;
		};
		AEAD0CBA1DB7703E0043B8B0 /* Debug */ = {
			isa = XCBuildConfiguration;
			buildSettings = {
				ALWAYS_EMBED_SWIFT_STANDARD_LIBRARIES = YES;
				ASSETCATALOG_COMPILER_APPICON_NAME = AppIcon;
				DEVELOPMENT_TEAM = 5332NKLEL7;
				IBSC_MODULE = CupsAndBall_WatchKit_Extension;
				INFOPLIST_FILE = "CupsAndBall WatchKit App/Info.plist";
				PRODUCT_BUNDLE_IDENTIFIER = JavanLab.CupsAndBall.watchkitapp;
				PRODUCT_NAME = "$(TARGET_NAME)";
				SDKROOT = watchos;
				SKIP_INSTALL = YES;
				SWIFT_VERSION = 3.0;
				TARGETED_DEVICE_FAMILY = 4;
				WATCHOS_DEPLOYMENT_TARGET = 3.0;
			};
			name = Debug;
		};
		AEAD0CBB1DB7703E0043B8B0 /* Release */ = {
			isa = XCBuildConfiguration;
			buildSettings = {
				ALWAYS_EMBED_SWIFT_STANDARD_LIBRARIES = YES;
				ASSETCATALOG_COMPILER_APPICON_NAME = AppIcon;
				DEVELOPMENT_TEAM = 5332NKLEL7;
				IBSC_MODULE = CupsAndBall_WatchKit_Extension;
				INFOPLIST_FILE = "CupsAndBall WatchKit App/Info.plist";
				PRODUCT_BUNDLE_IDENTIFIER = JavanLab.CupsAndBall.watchkitapp;
				PRODUCT_NAME = "$(TARGET_NAME)";
				SDKROOT = watchos;
				SKIP_INSTALL = YES;
				SWIFT_VERSION = 3.0;
				TARGETED_DEVICE_FAMILY = 4;
				WATCHOS_DEPLOYMENT_TARGET = 3.0;
			};
			name = Release;
		};
		AEAD0CBE1DB7703E0043B8B0 /* Debug */ = {
			isa = XCBuildConfiguration;
			buildSettings = {
				ASSETCATALOG_COMPILER_APPICON_NAME = AppIcon;
				DEVELOPMENT_TEAM = 5332NKLEL7;
				INFOPLIST_FILE = CupsAndBall/Info.plist;
				LD_RUNPATH_SEARCH_PATHS = "$(inherited) @executable_path/Frameworks";
				PRODUCT_BUNDLE_IDENTIFIER = JavanLab.CupsAndBall;
				PRODUCT_NAME = "$(TARGET_NAME)";
				SWIFT_VERSION = 3.0;
			};
			name = Debug;
		};
		AEAD0CBF1DB7703E0043B8B0 /* Release */ = {
			isa = XCBuildConfiguration;
			buildSettings = {
				ASSETCATALOG_COMPILER_APPICON_NAME = AppIcon;
				DEVELOPMENT_TEAM = 5332NKLEL7;
				INFOPLIST_FILE = CupsAndBall/Info.plist;
				LD_RUNPATH_SEARCH_PATHS = "$(inherited) @executable_path/Frameworks";
				PRODUCT_BUNDLE_IDENTIFIER = JavanLab.CupsAndBall;
				PRODUCT_NAME = "$(TARGET_NAME)";
				SWIFT_VERSION = 3.0;
			};
			name = Release;
		};
/* End XCBuildConfiguration section */

/* Begin XCConfigurationList section */
		AEAD0C811DB7703D0043B8B0 /* Build configuration list for PBXProject "CupsAndBall" */ = {
			isa = XCConfigurationList;
			buildConfigurations = (
				AEAD0CB31DB7703E0043B8B0 /* Debug */,
				AEAD0CB41DB7703E0043B8B0 /* Release */,
			);
			defaultConfigurationIsVisible = 0;
			defaultConfigurationName = Release;
		};
		AEAD0CB51DB7703E0043B8B0 /* Build configuration list for PBXNativeTarget "CupsAndBall WatchKit Extension" */ = {
			isa = XCConfigurationList;
			buildConfigurations = (
				AEAD0CB61DB7703E0043B8B0 /* Debug */,
				AEAD0CB71DB7703E0043B8B0 /* Release */,
			);
			defaultConfigurationIsVisible = 0;
			defaultConfigurationName = Release;
		};
		AEAD0CB91DB7703E0043B8B0 /* Build configuration list for PBXNativeTarget "CupsAndBall WatchKit App" */ = {
			isa = XCConfigurationList;
			buildConfigurations = (
				AEAD0CBA1DB7703E0043B8B0 /* Debug */,
				AEAD0CBB1DB7703E0043B8B0 /* Release */,
			);
			defaultConfigurationIsVisible = 0;
			defaultConfigurationName = Release;
		};
		AEAD0CBD1DB7703E0043B8B0 /* Build configuration list for PBXNativeTarget "CupsAndBall" */ = {
			isa = XCConfigurationList;
			buildConfigurations = (
				AEAD0CBE1DB7703E0043B8B0 /* Debug */,
				AEAD0CBF1DB7703E0043B8B0 /* Release */,
			);
			defaultConfigurationIsVisible = 0;
			defaultConfigurationName = Release;
		};
/* End XCConfigurationList section */
	};
	rootObject = AEAD0C7E1DB7703D0043B8B0 /* Project object */;
}
